
Microsoft Visual Studio Solution File, Format Version 12.00
# Visual Studio Version 16
VisualStudioVersion = 16.0.29920.165
MinimumVisualStudioVersion = 10.0.40219.1
Project("{9A19103F-16F7-4668-BE54-9A1E7A4F7556}") = "SupportCases", "SupportCases\SupportCases.csproj", "{B183C269-5883-412E-968F-C519BCD1A5C7}"
EndProject
Project("{FAE04EC0-301F-11D3-BF4B-00C04F79EFBC}") = "SupportCases.tests", "SupportCases.tests\SupportCases.tests.csproj", "{6552FE6D-719A-4C3D-89F3-1C36B83A4045}"
EndProject
Global
	GlobalSection(SolutionConfigurationPlatforms) = preSolution
		Debug|Any CPU = Debug|Any CPU
		Release|Any CPU = Release|Any CPU
	EndGlobalSection
	GlobalSection(ProjectConfigurationPlatforms) = postSolution
		{B183C269-5883-412E-968F-C519BCD1A5C7}.Debug|Any CPU.ActiveCfg = Debug|Any CPU
		{B183C269-5883-412E-968F-C519BCD1A5C7}.Debug|Any CPU.Build.0 = Debug|Any CPU
		{B183C269-5883-412E-968F-C519BCD1A5C7}.Release|Any CPU.ActiveCfg = Release|Any CPU
		{B183C269-5883-412E-968F-C519BCD1A5C7}.Release|Any CPU.Build.0 = Release|Any CPU
		{6552FE6D-719A-4C3D-89F3-1C36B83A4045}.Debug|Any CPU.ActiveCfg = Debug|Any CPU
		{6552FE6D-719A-4C3D-89F3-1C36B83A4045}.Debug|Any CPU.Build.0 = Debug|Any CPU
		{6552FE6D-719A-4C3D-89F3-1C36B83A4045}.Release|Any CPU.ActiveCfg = Release|Any CPU
		{6552FE6D-719A-4C3D-89F3-1C36B83A4045}.Release|Any CPU.Build.0 = Release|Any CPU
	EndGlobalSection
	GlobalSection(SolutionProperties) = preSolution
		HideSolutionNode = FALSE
	EndGlobalSection
	GlobalSection(ExtensibilityGlobals) = postSolution
		SolutionGuid = {3FA944AE-5C19-45BE-BF5D-DABE9ED3B51B}
	EndGlobalSection
EndGlobal
